
Microsoft Visual Studio Solution File, Format Version 12.00
# Visual Studio Version 16
VisualStudioVersion = 16.0.31702.278
MinimumVisualStudioVersion = 10.0.40219.1
Project("{8BC9CEB8-8B4A-11D0-8D11-00A0C91BC942}") = "Assignment", "Assignment.vcxproj", "{23F9B554-8240-4879-B51D-172D63A0D6C2}"
EndProject
Global
	GlobalSection(SolutionConfigurationPlatforms) = preSolution
		Debug|x64 = Debug|x64
		Debug|x86 = Debug|x86
		Release|x64 = Release|x64
		Release|x86 = Release|x86
	EndGlobalSection
	GlobalSection(ProjectConfigurationPlatforms) = postSolution
		{23F9B554-8240-4879-B51D-172D63A0D6C2}.Debug|x64.ActiveCfg = Debug|x64
		{23F9B554-8240-4879-B51D-172D63A0D6C2}.Debug|x64.Build.0 = Debug|x64
		{23F9B554-8240-4879-B51D-172D63A0D6C2}.Debug|x86.ActiveCfg = Debug|Win32
		{23F9B554-8240-4879-B51D-172D63A0D6C2}.Debug|x86.Build.0 = Debug|Win32
		{23F9B554-8240-4879-B51D-172D63A0D6C2}.Release|x64.ActiveCfg = Release|x64
		{23F9B554-8240-4879-B51D-172D63A0D6C2}.Release|x64.Build.0 = Release|x64
		{23F9B554-8240-4879-B51D-172D63A0D6C2}.Release|x86.ActiveCfg = Release|Win32
		{23F9B554-8240-4879-B51D-172D63A0D6C2}.Release|x86.Build.0 = Release|Win32
	EndGlobalSection
	GlobalSection(SolutionProperties) = preSolution
		HideSolutionNode = FALSE
	EndGlobalSection
	GlobalSection(ExtensibilityGlobals) = postSolution
		SolutionGuid = {17920B55-837D-4FF1-964E-F91275F2F5A0}
	EndGlobalSection
EndGlobal
